github.com/google/go-cmp v0.6.0 h1:ofyhxvXcZhMsU5ulbFiLKl/XBFqE1GSq7atu8tAmTRI=
github.com/google/go-cmp v0.6.0/go.mod h1:17dUlkBOakJ0+DkrSSNjCkIjxS6bF9zb3elmeNGIjoY=
github.com/noxworld-dev/noxscript/ns/v4 v4.21.0 h1:BHV6PZbskAQkMRbi6+Wq+VFNpdPj1V8mSojN8N+IXlU=
github.com/noxworld-dev/noxscript/ns/v4 v4.21.0/go.mod h1:sumxNbzs331R1Ohkxf4uOKE7oZsXYmcltRdP/mz8YJs=
github.com/noxworld-dev/opennox-lib v0.0.0-20240106132033-e8abe68bd8d5 h1:py/Z0Illi3jZ9MaL9Dpq3wH9MC+s0H8OapZ1pvJH4nU=
github.com/noxworld-dev/opennox-lib v0.0.0-20240106132033-e8abe68bd8d5/go.mod h1:liEd6wzKFZsgIOX76YGRZaAqhQjEcLzMwlHJ+qk0yoU=
github.com/opennox/libs v0.0.0-20241128132302-f1b7d55a6c0f h1:AIyfRV05CK0+VXq8oVzO50zNEJvHVYCnaiGdyUeUlVo=
github.com/opennox/libs v0.0.0-20241128132302-f1b7d55a6c0f/go.mod h1:BrVl9RUHpYDzwUzJ91Ac5f2cryTKaSpzvpR99gF7grQ=
github.com/opennox/noxscript/ns/v3 v3.4.5 h1:3Halullll0RECZDojkKTgxlK00oP+Uh4E92TMikiJuo=
github.com/opennox/noxscript/ns/v3 v3.4.5/go.mod h1:QrWvmNUA6y0JjUO6Tm2LQf1ETI08dx1hPxHQ2tko8Ow=
github.com/opennox/noxscript/ns/v4 v4.21.1 h1:gEeEJ6FGRXOpoQpl/EBToDWKKe3hKOcxs8FvZ4fHMy8=
github.com/opennox/noxscript/ns/v4 v4.21.1/go.mod h1:E62zgaur0JQgssaQIhIdG7uMNZs/PpNwRMyqodXUnHE=
github.com/shoenig/test v1.12.0 h1:5gu0WaxkayLUad6B/VCnBWMi5VR7oVYCw/d34SU1ed0=
github.com/shoenig/test v1.12.0/go.mod h1:UxJ6u/x2v/TNs/LoLxBNJRV9DiwBBKYxXSyczsBHFoI=
golang.org/x/exp v0.0.0-20241108190413-2d47ceb2692f h1:XdNn9LlyWAhLVp6P/i8QYBW+hlyhrhei9uErw2B5GJo=
golang.org/x/exp v0.0.0-20241108190413-2d47ceb2692f/go.mod h1:D5SMRVC3C2/4+F/DB1wZsLRnSNimn2Sp/NPsCrsv8ak=
gopkg.in/check.v1 v0.0.0-20161208181325-20d25e280405 h1:yhCVgyC4o1eVCa2tZl7eS0r+SDo693bJlVdllGtEeKM=
gopkg.in/check.v1 v0.0.0-20161208181325-20d25e280405/go.mod h1:Co6ibVJAznAaIkqp8huTwlJQCZ016jof/cbN4VW5Yz0=
gopkg.in/yaml.v3 v3.0.1 h1:fxVm/GzAzEWqLHuvctI91KS9hhNmmWOoWu0XTYJS7CA=
gopkg.in/yaml.v3 v3.0.1/go.mod h1:K4uyk7z7BCEPqu6E+C64Yfv1cQ7kz7rIZviUmN+EgEM=
