github.com/google/go-cmp v0.6.0 h1:ofyhxvXcZhMsU5ulbFiLKl/XBFqE1GSq7atu8tAmTRI=
github.com/google/go-cmp v0.6.0/go.mod h1:17dUlkBOakJ0+DkrSSNjCkIjxS6bF9zb3elmeNGIjoY=
github.com/opennox/libs v0.0.0-20241128182501-2dab81a0deab h1:CPoLJAeBBGLvOXchHaOJ7X90ohigKV4zt9Buk8TDldI=
github.com/opennox/libs v0.0.0-20241128182501-2dab81a0deab/go.mod h1:55T8H5ZAb8TiZps6jOzF/SdtzwGm5LkBojP55wOkOh4=
github.com/opennox/noxscript/ns/v3 v3.4.7 h1:JUnKsFDm5dvkZBc1EbKyvsmqm5B4qMdqDMcALEA7U78=
github.com/opennox/noxscript/ns/v3 v3.4.7/go.mod h1:+ZlQbnJWaZOdJ+UNTrkHafYicrL0N6N+YrEnREQKxQg=
github.com/opennox/noxscript/ns/v4 v4.21.3 h1:/gEP/hI0FfsrDPyNt/qUHZfiVTbl6Ag1m3jnkDShF6U=
github.com/opennox/noxscript/ns/v4 v4.21.3/go.mod h1:cQfcjhxYAlMft8fZdUEHGMbOJypRjNVnigWnYo5uEkM=
github.com/shoenig/test v1.12.0 h1:5gu0WaxkayLUad6B/VCnBWMi5VR7oVYCw/d34SU1ed0=
github.com/shoenig/test v1.12.0/go.mod h1:UxJ6u/x2v/TNs/LoLxBNJRV9DiwBBKYxXSyczsBHFoI=
golang.org/x/exp v0.0.0-20241108190413-2d47ceb2692f h1:XdNn9LlyWAhLVp6P/i8QYBW+hlyhrhei9uErw2B5GJo=
golang.org/x/exp v0.0.0-20241108190413-2d47ceb2692f/go.mod h1:D5SMRVC3C2/4+F/DB1wZsLRnSNimn2Sp/NPsCrsv8ak=
gopkg.in/check.v1 v0.0.0-20161208181325-20d25e280405 h1:yhCVgyC4o1eVCa2tZl7eS0r+SDo693bJlVdllGtEeKM=
gopkg.in/check.v1 v0.0.0-20161208181325-20d25e280405/go.mod h1:Co6ibVJAznAaIkqp8huTwlJQCZ016jof/cbN4VW5Yz0=
gopkg.in/yaml.v3 v3.0.1 h1:fxVm/GzAzEWqLHuvctI91KS9hhNmmWOoWu0XTYJS7CA=
gopkg.in/yaml.v3 v3.0.1/go.mod h1:K4uyk7z7BCEPqu6E+C64Yfv1cQ7kz7rIZviUmN+EgEM=
