github.com/davecgh/go-spew v1.1.1 h1:vj9j/u1bqnvCEfJOwUhtlOARqs3+rkHYY13jYWTU97c=
github.com/davecgh/go-spew v1.1.1/go.mod h1:J7Y8YcW2NihsgmVo/mv3lAwl/skON4iLHjSsI+c5H38=
github.com/google/go-cmp v0.6.0 h1:ofyhxvXcZhMsU5ulbFiLKl/XBFqE1GSq7atu8tAmTRI=
github.com/google/go-cmp v0.6.0/go.mod h1:17dUlkBOakJ0+DkrSSNjCkIjxS6bF9zb3elmeNGIjoY=
github.com/julienschmidt/httprouter v1.3.0 h1:U0609e9tgbseu3rBINet9P48AI/D3oJs4dN7jwJOQ1U=
github.com/julienschmidt/httprouter v1.3.0/go.mod h1:JR6WtHb+2LUe8TCKY3cZOxFyyO8IZAc4RVcycCCAKdM=
github.com/opennox/libs v0.0.0-20241128194711-7857287f593a h1:s5uuIjXMV4dBniz2oz7XXXZSWTuo9ZAjeb+ONDiRufI=
github.com/opennox/libs v0.0.0-20241128194711-7857287f593a/go.mod h1:EQFPPj1sI/8PJq29sC102R+nw0BJeHlbOnAD1/e8PAc=
github.com/opennox/noxcrypt v0.1.0 h1:TqnZChCinrHaNIwhLZTgjwmOsHa9FoXc0/BV+h6gM4k=
github.com/opennox/noxcrypt v0.1.0/go.mod h1:wFmUR+qDN0XSdyMvpTc9/Lc+zWGJSc/DX9iRHDigNEo=
github.com/opennox/noxscript/ns v1.0.3 h1:g4mquMNd0XLI1c49NU8iqeSNx1ThQn/pjYmCXCO8Q1U=
github.com/opennox/noxscript/ns v1.0.3/go.mod h1:31PI1TOOBtih5kAeQ8K8g2k7Vaj5fFApUXsfBDvDXrI=
github.com/opennox/noxscript/ns/v4 v4.21.4 h1:Lvq5Z+WHJ6DoW0tzcArz2g9ul7Ni5GE7AlC5v3ULlHE=
github.com/opennox/noxscript/ns/v4 v4.21.4/go.mod h1:JKJYzbAfxTsDDkqCVnSa5ezr3xxlA5q76AAVOORAYLc=
github.com/pmezard/go-difflib v1.0.0 h1:4DBwDE0NGyQoBHbLQYPwSUPoCMWR5BEzIk/f1lZbAQM=
github.com/pmezard/go-difflib v1.0.0/go.mod h1:iKH77koFhYxTK1pcRnkKkqfTogsbg7gZNVY4sRDYZ/4=
github.com/shoenig/test v1.12.0 h1:5gu0WaxkayLUad6B/VCnBWMi5VR7oVYCw/d34SU1ed0=
github.com/shoenig/test v1.12.0/go.mod h1:UxJ6u/x2v/TNs/LoLxBNJRV9DiwBBKYxXSyczsBHFoI=
github.com/stretchr/testify v1.10.0 h1:Xv5erBjTwe/5IxqUQTdXv5kgmIvbHo3QQyRwhJsOfJA=
github.com/stretchr/testify v1.10.0/go.mod h1:r2ic/lqez/lEtzL7wO/rwa5dbSLXVDPFyf8C91i36aY=
golang.org/x/crypto v0.29.0 h1:L5SG1JTTXupVV3n6sUqMTeWbjAyfPwoda2DLX8J8FrQ=
golang.org/x/crypto v0.29.0/go.mod h1:+F4F4N5hv6v38hfeYwTdx20oUvLLc+QfrE9Ax9HtgRg=
golang.org/x/exp v0.0.0-20241108190413-2d47ceb2692f h1:XdNn9LlyWAhLVp6P/i8QYBW+hlyhrhei9uErw2B5GJo=
golang.org/x/exp v0.0.0-20241108190413-2d47ceb2692f/go.mod h1:D5SMRVC3C2/4+F/DB1wZsLRnSNimn2Sp/NPsCrsv8ak=
golang.org/x/sys v0.27.0 h1:wBqf8DvsY9Y/2P8gAfPDEYNuS30J4lPHJxXSb/nJZ+s=
golang.org/x/sys v0.27.0/go.mod h1:/VUhepiaJMQUp4+oa/7Zr1D23ma6VTLIYjOOTFZPUcA=
gopkg.in/yaml.v3 v3.0.1 h1:fxVm/GzAzEWqLHuvctI91KS9hhNmmWOoWu0XTYJS7CA=
gopkg.in/yaml.v3 v3.0.1/go.mod h1:K4uyk7z7BCEPqu6E+C64Yfv1cQ7kz7rIZviUmN+EgEM=
